// !$*UTF8*$!
{
	archiveVersion = 1;
	classes = {
	};
	objectVersion = 46;
	objects = {

/* Begin PBXBuildFile section */
		75020C821ACDE45100E0A6A2 /* AppDelegate.swift in Sources */ = {isa = PBXBuildFile; fileRef = 75020C811ACDE45100E0A6A2 /* AppDelegate.swift */; };
		75020C841ACDE45100E0A6A2 /* ViewController.swift in Sources */ = {isa = PBXBuildFile; fileRef = 75020C831ACDE45100E0A6A2 /* ViewController.swift */; };
		75020C871ACDE45100E0A6A2 /* Main.storyboard in Resources */ = {isa = PBXBuildFile; fileRef = 75020C851ACDE45100E0A6A2 /* Main.storyboard */; };
		75020C891ACDE45100E0A6A2 /* Images.xcassets in Resources */ = {isa = PBXBuildFile; fileRef = 75020C881ACDE45100E0A6A2 /* Images.xcassets */; };
		75020C8C1ACDE45100E0A6A2 /* LaunchScreen.xib in Resources */ = {isa = PBXBuildFile; fileRef = 75020C8A1ACDE45100E0A6A2 /* LaunchScreen.xib */; };
		75020C981ACDE45100E0A6A2 /* iCousineTests.swift in Sources */ = {isa = PBXBuildFile; fileRef = 75020C971ACDE45100E0A6A2 /* iCousineTests.swift */; };
/* End PBXBuildFile section */

/* Begin PBXContainerItemProxy section */
		75020C921ACDE45100E0A6A2 /* PBXContainerItemProxy */ = {
			isa = PBXContainerItemProxy;
			containerPortal = 75020C741ACDE45100E0A6A2 /* Project object */;
			proxyType = 1;
			remoteGlobalIDString = 75020C7B1ACDE45100E0A6A2;
			remoteInfo = iCousine;
		};
/* End PBXContainerItemProxy section */

/* Begin PBXFileReference section */
		75020C7C1ACDE45100E0A6A2 /* iCousine.app */ = {isa = PBXFileReference; explicitFileType = wrapper.application; includeInIndex = 0; path = iCousine.app; sourceTree = BUILT_PRODUCTS_DIR; };
		75020C801ACDE45100E0A6A2 /* Info.plist */ = {isa = PBXFileReference; lastKnownFileType = text.plist.xml; path = Info.plist; sourceTree = "<group>"; };
		75020C811ACDE45100E0A6A2 /* AppDelegate.swift */ = {isa = PBXFileReference; lastKnownFileType = sourcecode.swift; path = AppDelegate.swift; sourceTree = "<group>"; };
		75020C831ACDE45100E0A6A2 /* ViewController.swift */ = {isa = PBXFileReference; lastKnownFileType = sourcecode.swift; path = ViewController.swift; sourceTree = "<group>"; };
		75020C861ACDE45100E0A6A2 /* Base */ = {isa = PBXFileReference; lastKnownFileType = file.storyboard; name = Base; path = Base.lproj/Main.storyboard; sourceTree = "<group>"; };
		75020C881ACDE45100E0A6A2 /* Images.xcassets */ = {isa = PBXFileReference; lastKnownFileType = folder.assetcatalog; path = Images.xcassets; sourceTree = "<group>"; };
		75020C8B1ACDE45100E0A6A2 /* Base */ = {isa = PBXFileReference; lastKnownFileType = file.xib; name = Base; path = Base.lproj/LaunchScreen.xib; sourceTree = "<group>"; };
		75020C911ACDE45100E0A6A2 /* iCousineTests.xctest */ = {isa = PBXFileReference; explicitFileType = wrapper.cfbundle; includeInIndex = 0; path = iCousineTests.xctest; sourceTree = BUILT_PRODUCTS_DIR; };
		75020C961ACDE45100E0A6A2 /* Info.plist */ = {isa = PBXFileReference; lastKnownFileType = text.plist.xml; path = Info.plist; sourceTree = "<group>"; };
		75020C971ACDE45100E0A6A2 /* iCousineTests.swift */ = {isa = PBXFileReference; lastKnownFileType = sourcecode.swift; path = iCousineTests.swift; sourceTree = "<group>"; };
/* End PBXFileReference section */

/* Begin PBXFrameworksBuildPhase section */
		75020C791ACDE45100E0A6A2 /* Frameworks */ = {
			isa = PBXFrameworksBuildPhase;
			buildActionMask = 2147483647;
			files = (
			);
			runOnlyForDeploymentPostprocessing = 0;
		};
		75020C8E1ACDE45100E0A6A2 /* Frameworks */ = {
			isa = PBXFrameworksBuildPhase;
			buildActionMask = 2147483647;
			files = (
			);
			runOnlyForDeploymentPostprocessing = 0;
		};
/* End PBXFrameworksBuildPhase section */

/* Begin PBXGroup section */
		75020C731ACDE45100E0A6A2 = {
			isa = PBXGroup;
			children = (
				75020C7E1ACDE45100E0A6A2 /* iCousine */,
				75020C941ACDE45100E0A6A2 /* iCousineTests */,
				75020C7D1ACDE45100E0A6A2 /* Products */,
			);
			sourceTree = "<group>";
		};
		75020C7D1ACDE45100E0A6A2 /* Products */ = {
			isa = PBXGroup;
			children = (
				75020C7C1ACDE45100E0A6A2 /* iCousine.app */,
				75020C911ACDE45100E0A6A2 /* iCousineTests.xctest */,
			);
			name = Products;
			sourceTree = "<group>";
		};
		75020C7E1ACDE45100E0A6A2 /* iCousine */ = {
			isa = PBXGroup;
			children = (
				75020C811ACDE45100E0A6A2 /* AppDelegate.swift */,
				75020C831ACDE45100E0A6A2 /* ViewController.swift */,
				75020C851ACDE45100E0A6A2 /* Main.storyboard */,
				75020C881ACDE45100E0A6A2 /* Images.xcassets */,
				75020C8A1ACDE45100E0A6A2 /* LaunchScreen.xib */,
				75020C7F1ACDE45100E0A6A2 /* Supporting Files */,
			);
			path = iCousine;
			sourceTree = "<group>";
		};
		75020C7F1ACDE45100E0A6A2 /* Supporting Files */ = {
			isa = PBXGroup;
			children = (
				75020C801ACDE45100E0A6A2 /* Info.plist */,
			);
			name = "Supporting Files";
			sourceTree = "<group>";
		};
		75020C941ACDE45100E0A6A2 /* iCousineTests */ = {
			isa = PBXGroup;
			children = (
				75020C971ACDE45100E0A6A2 /* iCousineTests.swift */,
				75020C951ACDE45100E0A6A2 /* Supporting Files */,
			);
			path = iCousineTests;
			sourceTree = "<group>";
		};
		75020C951ACDE45100E0A6A2 /* Supporting Files */ = {
			isa = PBXGroup;
			children = (
				75020C961ACDE45100E0A6A2 /* Info.plist */,
			);
			name = "Supporting Files";
			sourceTree = "<group>";
		};
/* End PBXGroup section */

/* Begin PBXNativeTarget section */
		75020C7B1ACDE45100E0A6A2 /* iCousine */ = {
			isa = PBXNativeTarget;
			buildConfigurationList = 75020C9B1ACDE45100E0A6A2 /* Build configuration list for PBXNativeTarget "iCousine" */;
			buildPhases = (
				75020C781ACDE45100E0A6A2 /* Sources */,
				75020C791ACDE45100E0A6A2 /* Frameworks */,
				75020C7A1ACDE45100E0A6A2 /* Resources */,
			);
			buildRules = (
			);
			dependencies = (
			);
			name = iCousine;
			productName = iCousine;
			productReference = 75020C7C1ACDE45100E0A6A2 /* iCousine.app */;
			productType = "com.apple.product-type.application";
		};
		75020C901ACDE45100E0A6A2 /* iCousineTests */ = {
			isa = PBXNativeTarget;
			buildConfigurationList = 75020C9E1ACDE45100E0A6A2 /* Build configuration list for PBXNativeTarget "iCousineTests" */;
			buildPhases = (
				75020C8D1ACDE45100E0A6A2 /* Sources */,
				75020C8E1ACDE45100E0A6A2 /* Frameworks */,
				75020C8F1ACDE45100E0A6A2 /* Resources */,
			);
			buildRules = (
			);
			dependencies = (
				75020C931ACDE45100E0A6A2 /* PBXTargetDependency */,
			);
			name = iCousineTests;
			productName = iCousineTests;
			productReference = 75020C911ACDE45100E0A6A2 /* iCousineTests.xctest */;
			productType = "com.apple.product-type.bundle.unit-test";
		};
/* End PBXNativeTarget section */

/* Begin PBXProject section */
		75020C741ACDE45100E0A6A2 /* Project object */ = {
			isa = PBXProject;
			attributes = {
				LastUpgradeCheck = 0620;
				ORGANIZATIONNAME = "Golden Avocado Labs";
				TargetAttributes = {
					75020C7B1ACDE45100E0A6A2 = {
						CreatedOnToolsVersion = 6.2;
					};
					75020C901ACDE45100E0A6A2 = {
						CreatedOnToolsVersion = 6.2;
						TestTargetID = 75020C7B1ACDE45100E0A6A2;
					};
				};
			};
			buildConfigurationList = 75020C771ACDE45100E0A6A2 /* Build configuration list for PBXProject "iCousine" */;
			compatibilityVersion = "Xcode 3.2";
			developmentRegion = English;
			hasScannedForEncodings = 0;
			knownRegions = (
				en,
				Base,
			);
			mainGroup = 75020C731ACDE45100E0A6A2;
			productRefGroup = 75020C7D1ACDE45100E0A6A2 /* Products */;
			projectDirPath = "";
			projectRoot = "";
			targets = (
				75020C7B1ACDE45100E0A6A2 /* iCousine */,
				75020C901ACDE45100E0A6A2 /* iCousineTests */,
			);
		};
/* End PBXProject section */

/* Begin PBXResourcesBuildPhase section */
		75020C7A1ACDE45100E0A6A2 /* Resources */ = {
			isa = PBXResourcesBuildPhase;
			buildActionMask = 2147483647;
			files = (
				75020C871ACDE45100E0A6A2 /* Main.storyboard in Resources */,
				75020C8C1ACDE45100E0A6A2 /* LaunchScreen.xib in Resources */,
				75020C891ACDE45100E0A6A2 /* Images.xcassets in Resources */,
			);
			runOnlyForDeploymentPostprocessing = 0;
		};
		75020C8F1ACDE45100E0A6A2 /* Resources */ = {
			isa = PBXResourcesBuildPhase;
			buildActionMask = 2147483647;
			files = (
			);
			runOnlyForDeploymentPostprocessing = 0;
		};
/* End PBXResourcesBuildPhase section */

/* Begin PBXSourcesBuildPhase section */
		75020C781ACDE45100E0A6A2 /* Sources */ = {
			isa = PBXSourcesBuildPhase;
			buildActionMask = 2147483647;
			files = (
				75020C841ACDE45100E0A6A2 /* ViewController.swift in Sources */,
				75020C821ACDE45100E0A6A2 /* AppDelegate.swift in Sources */,
			);
			runOnlyForDeploymentPostprocessing = 0;
		};
		75020C8D1ACDE45100E0A6A2 /* Sources */ = {
			isa = PBXSourcesBuildPhase;
			buildActionMask = 2147483647;
			files = (
				75020C981ACDE45100E0A6A2 /* iCousineTests.swift in Sources */,
			);
			runOnlyForDeploymentPostprocessing = 0;
		};
/* End PBXSourcesBuildPhase section */

/* Begin PBXTargetDependency section */
		75020C931ACDE45100E0A6A2 /* PBXTargetDependency */ = {
			isa = PBXTargetDependency;
			target = 75020C7B1ACDE45100E0A6A2 /* iCousine */;
			targetProxy = 75020C921ACDE45100E0A6A2 /* PBXContainerItemProxy */;
		};
/* End PBXTargetDependency section */

/* Begin PBXVariantGroup section */
		75020C851ACDE45100E0A6A2 /* Main.storyboard */ = {
			isa = PBXVariantGroup;
			children = (
				75020C861ACDE45100E0A6A2 /* Base */,
			);
			name = Main.storyboard;
			sourceTree = "<group>";
		};
		75020C8A1ACDE45100E0A6A2 /* LaunchScreen.xib */ = {
			isa = PBXVariantGroup;
			children = (
				75020C8B1ACDE45100E0A6A2 /* Base */,
			);
			name = LaunchScreen.xib;
			sourceTree = "<group>";
		};
/* End PBXVariantGroup section */

/* Begin XCBuildConfiguration section */
		75020C991ACDE45100E0A6A2 /* Debug */ = {
			isa = XCBuildConfiguration;
			buildSettings = {
				ALWAYS_SEARCH_USER_PATHS = NO;
				CLANG_CXX_LANGUAGE_STANDARD = "gnu++0x";
				CLANG_CXX_LIBRARY = "libc++";
				CLANG_ENABLE_MODULES = YES;
				CLANG_ENABLE_OBJC_ARC = YES;
				CLANG_WARN_BOOL_CONVERSION = YES;
				CLANG_WARN_CONSTANT_CONVERSION = YES;
				CLANG_WARN_DIRECT_OBJC_ISA_USAGE = YES_ERROR;
				CLANG_WARN_EMPTY_BODY = YES;
				CLANG_WARN_ENUM_CONVERSION = YES;
				CLANG_WARN_INT_CONVERSION = YES;
				CLANG_WARN_OBJC_ROOT_CLASS = YES_ERROR;
				CLANG_WARN_UNREACHABLE_CODE = YES;
				CLANG_WARN__DUPLICATE_METHOD_MATCH = YES;
				"CODE_SIGN_IDENTITY[sdk=iphoneos*]" = "iPhone Developer";
				COPY_PHASE_STRIP = NO;
				ENABLE_STRICT_OBJC_MSGSEND = YES;
				GCC_C_LANGUAGE_STANDARD = gnu99;
				GCC_DYNAMIC_NO_PIC = NO;
				GCC_OPTIMIZATION_LEVEL = 0;
				GCC_PREPROCESSOR_DEFINITIONS = (
					"DEBUG=1",
					"$(inherited)",
				);
				GCC_SYMBOLS_PRIVATE_EXTERN = NO;
				GCC_WARN_64_TO_32_BIT_CONVERSION = YES;
				GCC_WARN_ABOUT_RETURN_TYPE = YES_ERROR;
				GCC_WARN_UNDECLARED_SELECTOR = YES;
				GCC_WARN_UNINITIALIZED_AUTOS = YES_AGGRESSIVE;
				GCC_WARN_UNUSED_FUNCTION = YES;
				GCC_WARN_UNUSED_VARIABLE = YES;
				IPHONEOS_DEPLOYMENT_TARGET = 8.2;
				MTL_ENABLE_DEBUG_INFO = YES;
				ONLY_ACTIVE_ARCH = YES;
				SDKROOT = iphoneos;
				SWIFT_OPTIMIZATION_LEVEL = "-Onone";
				TARGETED_DEVICE_FAMILY = "1,2";
			};
			name = Debug;
		};
		75020C9A1ACDE45100E0A6A2 /* Release */ = {
			isa = XCBuildConfiguration;
			buildSettings = {
				ALWAYS_SEARCH_USER_PATHS = NO;
				CLANG_CXX_LANGUAGE_STANDARD = "gnu++0x";
				CLANG_CXX_LIBRARY = "libc++";
				CLANG_ENABLE_MODULES = YES;
				CLANG_ENABLE_OBJC_ARC = YES;
				CLANG_WARN_BOOL_CONVERSION = YES;
				CLANG_WARN_CONSTANT_CONVERSION = YES;
				CLANG_WARN_DIRECT_OBJC_ISA_USAGE = YES_ERROR;
				CLANG_WARN_EMPTY_BODY = YES;
				CLANG_WARN_ENUM_CONVERSION = YES;
				CLANG_WARN_INT_CONVERSION = YES;
				CLANG_WARN_OBJC_ROOT_CLASS = YES_ERROR;
				CLANG_WARN_UNREACHABLE_CODE = YES;
				CLANG_WARN__DUPLICATE_METHOD_MATCH = YES;
				"CODE_SIGN_IDENTITY[sdk=iphoneos*]" = "iPhone Developer";
				COPY_PHASE_STRIP = NO;
				ENABLE_NS_ASSERTIONS = NO;
				ENABLE_STRICT_OBJC_MSGSEND = YES;
				GCC_C_LANGUAGE_STANDARD = gnu99;
				GCC_WARN_64_TO_32_BIT_CONVERSION = YES;
				GCC_WARN_ABOUT_RETURN_TYPE = YES_ERROR;
				GCC_WARN_UNDECLARED_SELECTOR = YES;
				GCC_WARN_UNINITIALIZED_AUTOS = YES_AGGRESSIVE;
				GCC_WARN_UNUSED_FUNCTION = YES;
				GCC_WARN_UNUSED_VARIABLE = YES;
				IPHONEOS_DEPLOYMENT_TARGET = 8.2;
				MTL_ENABLE_DEBUG_INFO = NO;
				SDKROOT = iphoneos;
				TARGETED_DEVICE_FAMILY = "1,2";
				VALIDATE_PRODUCT = YES;
			};
			name = Release;
		};
		75020C9C1ACDE45100E0A6A2 /* Debug */ = {
			isa = XCBuildConfiguration;
			buildSettings = {
				ASSETCATALOG_COMPILER_APPICON_NAME = AppIcon;
				INFOPLIST_FILE = iCousine/Info.plist;
				LD_RUNPATH_SEARCH_PATHS = "$(inherited) @executable_path/Frameworks";
				PRODUCT_NAME = "$(TARGET_NAME)";
			};
			name = Debug;
		};
		75020C9D1ACDE45100E0A6A2 /* Release */ = {
			isa = XCBuildConfiguration;
			buildSettings = {
				ASSETCATALOG_COMPILER_APPICON_NAME = AppIcon;
				INFOPLIST_FILE = iCousine/Info.plist;
				LD_RUNPATH_SEARCH_PATHS = "$(inherited) @executable_path/Frameworks";
				PRODUCT_NAME = "$(TARGET_NAME)";
			};
			name = Release;
		};
		75020C9F1ACDE45100E0A6A2 /* Debug */ = {
			isa = XCBuildConfiguration;
			buildSettings = {
				BUNDLE_LOADER = "$(TEST_HOST)";
				FRAMEWORK_SEARCH_PATHS = (
					"$(SDKROOT)/Developer/Library/Frameworks",
					"$(inherited)",
				);
				GCC_PREPROCESSOR_DEFINITIONS = (
					"DEBUG=1",
					"$(inherited)",
				);
				INFOPLIST_FILE = iCousineTests/Info.plist;
				LD_RUNPATH_SEARCH_PATHS = "$(inherited) @executable_path/Frameworks @loader_path/Frameworks";
				PRODUCT_NAME = "$(TARGET_NAME)";
				TEST_HOST = "$(BUILT_PRODUCTS_DIR)/iCousine.app/iCousine";
			};
			name = Debug;
		};
		75020CA01ACDE45100E0A6A2 /* Release */ = {
			isa = XCBuildConfiguration;
			buildSettings = {
				BUNDLE_LOADER = "$(TEST_HOST)";
				FRAMEWORK_SEARCH_PATHS = (
					"$(SDKROOT)/Developer/Library/Frameworks",
					"$(inherited)",
				);
				INFOPLIST_FILE = iCousineTests/Info.plist;
				LD_RUNPATH_SEARCH_PATHS = "$(inherited) @executable_path/Frameworks @loader_path/Frameworks";
				PRODUCT_NAME = "$(TARGET_NAME)";
				TEST_HOST = "$(BUILT_PRODUCTS_DIR)/iCousine.app/iCousine";
			};
			name = Release;
		};
/* End XCBuildConfiguration section */

/* Begin XCConfigurationList section */
		75020C771ACDE45100E0A6A2 /* Build configuration list for PBXProject "iCousine" */ = {
			isa = XCConfigurationList;
			buildConfigurations = (
				75020C991ACDE45100E0A6A2 /* Debug */,
				75020C9A1ACDE45100E0A6A2 /* Release */,
			);
			defaultConfigurationIsVisible = 0;
			defaultConfigurationName = Release;
		};
		75020C9B1ACDE45100E0A6A2 /* Build configuration list for PBXNativeTarget "iCousine" */ = {
			isa = XCConfigurationList;
			buildConfigurations = (
				75020C9C1ACDE45100E0A6A2 /* Debug */,
				75020C9D1ACDE45100E0A6A2 /* Release */,
			);
			defaultConfigurationIsVisible = 0;
		};
		75020C9E1ACDE45100E0A6A2 /* Build configuration list for PBXNativeTarget "iCousineTests" */ = {
			isa = XCConfigurationList;
			buildConfigurations = (
				75020C9F1ACDE45100E0A6A2 /* Debug */,
				75020CA01ACDE45100E0A6A2 /* Release */,
			);
			defaultConfigurationIsVisible = 0;
		};
/* End XCConfigurationList section */
	};
	rootObject = 75020C741ACDE45100E0A6A2 /* Project object */;
}
